
Microsoft Visual Studio Solution File, Format Version 12.00
# Visual Studio Version 17
VisualStudioVersion = 17.10.34928.147
MinimumVisualStudioVersion = 10.0.40219.1
Project("{9A19103F-16F7-4668-BE54-9A1E7A4F7556}") = "01-Array i", "01-Array i\01-Array i.csproj", "{8704F6E3-3799-4B39-A2B7-91050F2A4114}"
EndProject
Project("{9A19103F-16F7-4668-BE54-9A1E7A4F7556}") = "02-Array II", "02-Array II\02-Array II.csproj", "{ACEF7EDD-DCA4-4488-98CB-5914C562EBC9}"
EndProject
Project("{9A19103F-16F7-4668-BE54-9A1E7A4F7556}") = "03-Array III", "03-Array III\03-Array III.csproj", "{1C30A5BC-95D4-4051-9CB3-75885F69A206}"
EndProject
Project("{9A19103F-16F7-4668-BE54-9A1E7A4F7556}") = "05-Classe Array", "05-Classe Array\05-Classe Array.csproj", "{6ED25E26-12C3-4A6E-92F7-6B4EFF5A2F7E}"
EndProject
Project("{9A19103F-16F7-4668-BE54-9A1E7A4F7556}") = "06- ExercicioArrays", "06- ExercicioArrays\06- ExercicioArrays.csproj", "{DBA1763C-10F4-46E8-9340-2BA0E16EAB17}"
EndProject
Project("{9A19103F-16F7-4668-BE54-9A1E7A4F7556}") = "10-Colecao list t", "08-Colecao list t\10-Colecao list t.csproj", "{D42BC225-3D35-463A-992B-F2961657DD54}"
EndProject
Project("{FAE04EC0-301F-11D3-BF4B-00C04F79EFBC}") = "07-ArraysMultidimensional", "07-ArraysMultidimensional\07-ArraysMultidimensional.csproj", "{F3737ED5-7D96-41CD-8848-E3727E7E1E43}"
EndProject
Project("{FAE04EC0-301F-11D3-BF4B-00C04F79EFBC}") = "08- Exercicio ArrayBidimensional", "08- Exercicio ArrayBidimensional\08- Exercicio ArrayBidimensional.csproj", "{D111C8EF-33CB-44FD-BD32-9773731F841A}"
EndProject
Project("{FAE04EC0-301F-11D3-BF4B-00C04F79EFBC}") = "09- ArrayList", "09- ArrayList\09- ArrayList.csproj", "{2C180650-0B13-4DBC-8099-C6CF6CF68216}"
EndProject
Global
	GlobalSection(SolutionConfigurationPlatforms) = preSolution
		Debug|Any CPU = Debug|Any CPU
		Release|Any CPU = Release|Any CPU
	EndGlobalSection
	GlobalSection(ProjectConfigurationPlatforms) = postSolution
		{8704F6E3-3799-4B39-A2B7-91050F2A4114}.Debug|Any CPU.ActiveCfg = Debug|Any CPU
		{8704F6E3-3799-4B39-A2B7-91050F2A4114}.Debug|Any CPU.Build.0 = Debug|Any CPU
		{8704F6E3-3799-4B39-A2B7-91050F2A4114}.Release|Any CPU.ActiveCfg = Release|Any CPU
		{8704F6E3-3799-4B39-A2B7-91050F2A4114}.Release|Any CPU.Build.0 = Release|Any CPU
		{ACEF7EDD-DCA4-4488-98CB-5914C562EBC9}.Debug|Any CPU.ActiveCfg = Debug|Any CPU
		{ACEF7EDD-DCA4-4488-98CB-5914C562EBC9}.Debug|Any CPU.Build.0 = Debug|Any CPU
		{ACEF7EDD-DCA4-4488-98CB-5914C562EBC9}.Release|Any CPU.ActiveCfg = Release|Any CPU
		{ACEF7EDD-DCA4-4488-98CB-5914C562EBC9}.Release|Any CPU.Build.0 = Release|Any CPU
		{1C30A5BC-95D4-4051-9CB3-75885F69A206}.Debug|Any CPU.ActiveCfg = Debug|Any CPU
		{1C30A5BC-95D4-4051-9CB3-75885F69A206}.Debug|Any CPU.Build.0 = Debug|Any CPU
		{1C30A5BC-95D4-4051-9CB3-75885F69A206}.Release|Any CPU.ActiveCfg = Release|Any CPU
		{1C30A5BC-95D4-4051-9CB3-75885F69A206}.Release|Any CPU.Build.0 = Release|Any CPU
		{6ED25E26-12C3-4A6E-92F7-6B4EFF5A2F7E}.Debug|Any CPU.ActiveCfg = Debug|Any CPU
		{6ED25E26-12C3-4A6E-92F7-6B4EFF5A2F7E}.Debug|Any CPU.Build.0 = Debug|Any CPU
		{6ED25E26-12C3-4A6E-92F7-6B4EFF5A2F7E}.Release|Any CPU.ActiveCfg = Release|Any CPU
		{6ED25E26-12C3-4A6E-92F7-6B4EFF5A2F7E}.Release|Any CPU.Build.0 = Release|Any CPU
		{DBA1763C-10F4-46E8-9340-2BA0E16EAB17}.Debug|Any CPU.ActiveCfg = Debug|Any CPU
		{DBA1763C-10F4-46E8-9340-2BA0E16EAB17}.Debug|Any CPU.Build.0 = Debug|Any CPU
		{DBA1763C-10F4-46E8-9340-2BA0E16EAB17}.Release|Any CPU.ActiveCfg = Release|Any CPU
		{DBA1763C-10F4-46E8-9340-2BA0E16EAB17}.Release|Any CPU.Build.0 = Release|Any CPU
		{D42BC225-3D35-463A-992B-F2961657DD54}.Debug|Any CPU.ActiveCfg = Debug|Any CPU
		{D42BC225-3D35-463A-992B-F2961657DD54}.Debug|Any CPU.Build.0 = Debug|Any CPU
		{D42BC225-3D35-463A-992B-F2961657DD54}.Release|Any CPU.ActiveCfg = Release|Any CPU
		{D42BC225-3D35-463A-992B-F2961657DD54}.Release|Any CPU.Build.0 = Release|Any CPU
		{F3737ED5-7D96-41CD-8848-E3727E7E1E43}.Debug|Any CPU.ActiveCfg = Debug|Any CPU
		{F3737ED5-7D96-41CD-8848-E3727E7E1E43}.Debug|Any CPU.Build.0 = Debug|Any CPU
		{F3737ED5-7D96-41CD-8848-E3727E7E1E43}.Release|Any CPU.ActiveCfg = Release|Any CPU
		{F3737ED5-7D96-41CD-8848-E3727E7E1E43}.Release|Any CPU.Build.0 = Release|Any CPU
		{D111C8EF-33CB-44FD-BD32-9773731F841A}.Debug|Any CPU.ActiveCfg = Debug|Any CPU
		{D111C8EF-33CB-44FD-BD32-9773731F841A}.Debug|Any CPU.Build.0 = Debug|Any CPU
		{D111C8EF-33CB-44FD-BD32-9773731F841A}.Release|Any CPU.ActiveCfg = Release|Any CPU
		{D111C8EF-33CB-44FD-BD32-9773731F841A}.Release|Any CPU.Build.0 = Release|Any CPU
		{2C180650-0B13-4DBC-8099-C6CF6CF68216}.Debug|Any CPU.ActiveCfg = Debug|Any CPU
		{2C180650-0B13-4DBC-8099-C6CF6CF68216}.Debug|Any CPU.Build.0 = Debug|Any CPU
		{2C180650-0B13-4DBC-8099-C6CF6CF68216}.Release|Any CPU.ActiveCfg = Release|Any CPU
		{2C180650-0B13-4DBC-8099-C6CF6CF68216}.Release|Any CPU.Build.0 = Release|Any CPU
	EndGlobalSection
	GlobalSection(SolutionProperties) = preSolution
		HideSolutionNode = FALSE
	EndGlobalSection
	GlobalSection(ExtensibilityGlobals) = postSolution
		SolutionGuid = {D034763B-725D-4AA4-8428-8AB803709DD2}
	EndGlobalSection
EndGlobal
